version = 1
revision = 3
requires-python = ">=3.13"

[[package]]
name = "data-proc-benchmark"
version = "0.1.3"
source = { virtual = "." }
dependencies = [
    { name = "duckdb" },
    { name = "fireducks" },
    { name = "gputil" },
    { name = "pandas" },
    { name = "parquet" },
    { name = "polars" },
    { name = "psutil" },
    { name = "py-cpuinfo" },
    { name = "pyarrow" },
    { name = "typing-extensions" },
    { name = "wmi", marker = "sys_platform == 'win32'" },
]

[package.metadata]
requires-dist = [
    { name = "duckdb", specifier = ">=1.3.2" },
    { name = "fireducks", specifier = ">=1.4.2" },
    { name = "gputil", specifier = ">=1.4.0" },
    { name = "pandas", specifier = ">=2.3.2" },
    { name = "parquet", specifier = ">=1.3.1" },
    { name = "polars", specifier = ">=1.32.3" },
    { name = "psutil", specifier = ">=7.1.0" },
    { name = "py-cpuinfo", specifier = ">=9.0.0" },
    { name = "pyarrow", specifier = ">=21.0.0" },
    { name = "typing-extensions", specifier = ">=4.14.1" },
    { name = "wmi", marker = "sys_platform == 'win32'", specifier = ">=1.5.1" },
]

[[package]]
name = "duckdb"
version = "1.3.2"
source = { registry = "https://pypi.org/simple" }
sdist = { url = "https://files.pythonhosted.org/packages/47/24/a2e7fb78fba577641c286fe33185789ab1e1569ccdf4d142e005995991d2/duckdb-1.3.2.tar.gz", hash = "sha256:c658df8a1bc78704f702ad0d954d82a1edd4518d7a04f00027ec53e40f591ff5", size = 11627775, upload-time = "2025-07-08T10:41:14.444Z" }
wheels = [
    { url = "https://files.pythonhosted.org/packages/f5/f0/8cac9713735864899e8abc4065bbdb3d1617f2130006d508a80e1b1a6c53/duckdb-1.3.2-cp313-cp313-macosx_12_0_arm64.whl", hash = "sha256:a3418c973b06ac4e97f178f803e032c30c9a9f56a3e3b43a866f33223dfbf60b", size = 15535350, upload-time = "2025-07-08T10:40:45.562Z" },
    { url = "https://files.pythonhosted.org/packages/c5/26/6698bbb30b7bce8b8b17697599f1517611c61e4bd68b37eaeaf4f5ddd915/duckdb-1.3.2-cp313-cp313-macosx_12_0_universal2.whl", hash = "sha256:2a741eae2cf110fd2223eeebe4151e22c0c02803e1cfac6880dbe8a39fecab6a", size = 32534715, upload-time = "2025-07-08T10:40:47.615Z" },
    { url = "https://files.pythonhosted.org/packages/10/75/8ab4da3099a2fac7335ecebce4246706d19bdd5dad167aa436b5b27c43c4/duckdb-1.3.2-cp313-cp313-macosx_12_0_x86_64.whl", hash = "sha256:51e62541341ea1a9e31f0f1ade2496a39b742caf513bebd52396f42ddd6525a0", size = 17110300, upload-time = "2025-07-08T10:40:49.674Z" },
    { url = "https://files.pythonhosted.org/packages/d1/46/af81b10d4a66a0f27c248df296d1b41ff2a305a235ed8488f93240f6f8b5/duckdb-1.3.2-cp313-cp313-manylinux_2_27_aarch64.manylinux_2_28_aarch64.whl", hash = "sha256:b3e519de5640e5671f1731b3ae6b496e0ed7e4de4a1c25c7a2f34c991ab64d71", size = 19180082, upload-time = "2025-07-08T10:40:51.679Z" },
    { url = "https://files.pythonhosted.org/packages/68/fc/259a54fc22111a847981927aa58528d766e8b228c6d41deb0ad8a1959f9f/duckdb-1.3.2-cp313-cp313-manylinux_2_27_x86_64.manylinux_2_28_x86_64.whl", hash = "sha256:4732fb8cc60566b60e7e53b8c19972cb5ed12d285147a3063b16cc64a79f6d9f", size = 21128404, upload-time = "2025-07-08T10:40:53.772Z" },
    { url = "https://files.pythonhosted.org/packages/ab/dc/5d5140383e40661173dacdceaddee2a97c3f6721a5e8d76e08258110595e/duckdb-1.3.2-cp313-cp313-musllinux_1_2_x86_64.whl", hash = "sha256:97f7a22dcaa1cca889d12c3dc43a999468375cdb6f6fe56edf840e062d4a8293", size = 22779786, upload-time = "2025-07-08T10:40:55.826Z" },
    { url = "https://files.pythonhosted.org/packages/51/c9/2fcd86ab7530a5b6caff42dbe516ce7a86277e12c499d1c1f5acd266ffb2/duckdb-1.3.2-cp313-cp313-win_amd64.whl", hash = "sha256:cd3d717bf9c49ef4b1016c2216517572258fa645c2923e91c5234053defa3fb5", size = 11395370, upload-time = "2025-07-08T10:40:57.655Z" },
]

[[package]]
name = "fireducks"
version = "1.4.2"
source = { registry = "https://pypi.org/simple" }
dependencies = [
    { name = "firefw" },
    { name = "pandas" },
    { name = "pyarrow" },
]
wheels = [
    { url = "https://files.pythonhosted.org/packages/7c/f6/faeb19d2ce7beb268eae80ffd414622dac11e954745663c998231b933f5a/fireducks-1.4.2-cp313-cp313-macosx_14_0_arm64.whl", hash = "sha256:dd3c01930650b61c73b3756db0fbdf7cd8e5ee1b90211f3ec086dfa3c1e020f1", size = 6726618, upload-time = "2025-09-17T10:34:38.508Z" },
    { url = "https://files.pythonhosted.org/packages/09/b4/579635ba4330aed2cab6b9b41b9b51fe046ac85acc71aa0b3b6bf4f76f19/fireducks-1.4.2-cp313-cp313-manylinux_2_28_x86_64.whl", hash = "sha256:df1f03cfe7a674501b55242fc86fe25db89c9f112742ccf58ec7147b8b1a0319", size = 7780808, upload-time = "2025-09-17T10:34:41.751Z" },
]

[[package]]
name = "firefw"
version = "1.4.2"
source = { registry = "https://pypi.org/simple" }
wheels = [
    { url = "https://files.pythonhosted.org/packages/f9/e6/2913c71cdb132b33e922eee39252bac47bc7614d218fc270c841a27c646c/firefw-1.4.2-py3-none-any.whl", hash = "sha256:e8ab3dc3b6e2184026a6cea5e9755f4f517ae9b00662f347600f38b86eb38d66", size = 12840, upload-time = "2025-09-17T10:34:49.644Z" },
]

[[package]]
name = "gputil"
version = "1.4.0"
source = { registry = "https://pypi.org/simple" }
sdist = { url = "https://files.pythonhosted.org/packages/ed/0e/5c61eedde9f6c87713e89d794f01e378cfd9565847d4576fa627d758c554/GPUtil-1.4.0.tar.gz", hash = "sha256:099e52c65e512cdfa8c8763fca67f5a5c2afb63469602d5dcb4d296b3661efb9", size = 5545, upload-time = "2018-12-18T09:12:13.63Z" }

[[package]]
name = "numpy"
version = "2.3.2"
source = { registry = "https://pypi.org/simple" }
sdist = { url = "https://files.pythonhosted.org/packages/37/7d/3fec4199c5ffb892bed55cff901e4f39a58c81df9c44c280499e92cad264/numpy-2.3.2.tar.gz", hash = "sha256:e0486a11ec30cdecb53f184d496d1c6a20786c81e55e41640270130056f8ee48", size = 20489306, upload-time = "2025-07-24T21:32:07.553Z" }
wheels = [
    { url = "https://files.pythonhosted.org/packages/1c/c0/c6bb172c916b00700ed3bf71cb56175fd1f7dbecebf8353545d0b5519f6c/numpy-2.3.2-cp313-cp313-macosx_10_13_x86_64.whl", hash = "sha256:c8d9727f5316a256425892b043736d63e89ed15bbfe6556c5ff4d9d4448ff3b3", size = 20949074, upload-time = "2025-07-24T20:43:07.813Z" },
    { url = "https://files.pythonhosted.org/packages/20/4e/c116466d22acaf4573e58421c956c6076dc526e24a6be0903219775d862e/numpy-2.3.2-cp313-cp313-macosx_11_0_arm64.whl", hash = "sha256:efc81393f25f14d11c9d161e46e6ee348637c0a1e8a54bf9dedc472a3fae993b", size = 14177311, upload-time = "2025-07-24T20:43:29.335Z" },
    { url = "https://files.pythonhosted.org/packages/78/45/d4698c182895af189c463fc91d70805d455a227261d950e4e0f1310c2550/numpy-2.3.2-cp313-cp313-macosx_14_0_arm64.whl", hash = "sha256:dd937f088a2df683cbb79dda9a772b62a3e5a8a7e76690612c2737f38c6ef1b6", size = 5106022, upload-time = "2025-07-24T20:43:37.999Z" },
    { url = "https://files.pythonhosted.org/packages/9f/76/3e6880fef4420179309dba72a8c11f6166c431cf6dee54c577af8906f914/numpy-2.3.2-cp313-cp313-macosx_14_0_x86_64.whl", hash = "sha256:11e58218c0c46c80509186e460d79fbdc9ca1eb8d8aee39d8f2dc768eb781089", size = 6640135, upload-time = "2025-07-24T20:43:49.28Z" },
    { url = "https://files.pythonhosted.org/packages/34/fa/87ff7f25b3c4ce9085a62554460b7db686fef1e0207e8977795c7b7d7ba1/numpy-2.3.2-cp313-cp313-manylinux_2_27_aarch64.manylinux_2_28_aarch64.whl", hash = "sha256:5ad4ebcb683a1f99f4f392cc522ee20a18b2bb12a2c1c42c3d48d5a1adc9d3d2", size = 14278147, upload-time = "2025-07-24T20:44:10.328Z" },
    { url = "https://files.pythonhosted.org/packages/1d/0f/571b2c7a3833ae419fe69ff7b479a78d313581785203cc70a8db90121b9a/numpy-2.3.2-cp313-cp313-manylinux_2_27_x86_64.manylinux_2_28_x86_64.whl", hash = "sha256:938065908d1d869c7d75d8ec45f735a034771c6ea07088867f713d1cd3bbbe4f", size = 16635989, upload-time = "2025-07-24T20:44:34.88Z" },
    { url = "https://files.pythonhosted.org/packages/24/5a/84ae8dca9c9a4c592fe11340b36a86ffa9fd3e40513198daf8a97839345c/numpy-2.3.2-cp313-cp313-musllinux_1_2_aarch64.whl", hash = "sha256:66459dccc65d8ec98cc7df61307b64bf9e08101f9598755d42d8ae65d9a7a6ee", size = 16053052, upload-time = "2025-07-24T20:44:58.872Z" },
    { url = "https://files.pythonhosted.org/packages/57/7c/e5725d99a9133b9813fcf148d3f858df98511686e853169dbaf63aec6097/numpy-2.3.2-cp313-cp313-musllinux_1_2_x86_64.whl", hash = "sha256:a7af9ed2aa9ec5950daf05bb11abc4076a108bd3c7db9aa7251d5f107079b6a6", size = 18577955, upload-time = "2025-07-24T20:45:26.714Z" },
    { url = "https://files.pythonhosted.org/packages/ae/11/7c546fcf42145f29b71e4d6f429e96d8d68e5a7ba1830b2e68d7418f0bbd/numpy-2.3.2-cp313-cp313-win32.whl", hash = "sha256:906a30249315f9c8e17b085cc5f87d3f369b35fedd0051d4a84686967bdbbd0b", size = 6311843, upload-time = "2025-07-24T20:49:24.444Z" },
    { url = "https://files.pythonhosted.org/packages/aa/6f/a428fd1cb7ed39b4280d057720fed5121b0d7754fd2a9768640160f5517b/numpy-2.3.2-cp313-cp313-win_amd64.whl", hash = "sha256:c63d95dc9d67b676e9108fe0d2182987ccb0f11933c1e8959f42fa0da8d4fa56", size = 12782876, upload-time = "2025-07-24T20:49:43.227Z" },
    { url = "https://files.pythonhosted.org/packages/65/85/4ea455c9040a12595fb6c43f2c217257c7b52dd0ba332c6a6c1d28b289fe/numpy-2.3.2-cp313-cp313-win_arm64.whl", hash = "sha256:b05a89f2fb84d21235f93de47129dd4f11c16f64c87c33f5e284e6a3a54e43f2", size = 10192786, upload-time = "2025-07-24T20:49:59.443Z" },
    { url = "https://files.pythonhosted.org/packages/80/23/8278f40282d10c3f258ec3ff1b103d4994bcad78b0cba9208317f6bb73da/numpy-2.3.2-cp313-cp313t-macosx_10_13_x86_64.whl", hash = "sha256:4e6ecfeddfa83b02318f4d84acf15fbdbf9ded18e46989a15a8b6995dfbf85ab", size = 21047395, upload-time = "2025-07-24T20:45:58.821Z" },
    { url = "https://files.pythonhosted.org/packages/1f/2d/624f2ce4a5df52628b4ccd16a4f9437b37c35f4f8a50d00e962aae6efd7a/numpy-2.3.2-cp313-cp313t-macosx_11_0_arm64.whl", hash = "sha256:508b0eada3eded10a3b55725b40806a4b855961040180028f52580c4729916a2", size = 14300374, upload-time = "2025-07-24T20:46:20.207Z" },
    { url = "https://files.pythonhosted.org/packages/f6/62/ff1e512cdbb829b80a6bd08318a58698867bca0ca2499d101b4af063ee97/numpy-2.3.2-cp313-cp313t-macosx_14_0_arm64.whl", hash = "sha256:754d6755d9a7588bdc6ac47dc4ee97867271b17cee39cb87aef079574366db0a", size = 5228864, upload-time = "2025-07-24T20:46:30.58Z" },
    { url = "https://files.pythonhosted.org/packages/7d/8e/74bc18078fff03192d4032cfa99d5a5ca937807136d6f5790ce07ca53515/numpy-2.3.2-cp313-cp313t-macosx_14_0_x86_64.whl", hash = "sha256:a9f66e7d2b2d7712410d3bc5684149040ef5f19856f20277cd17ea83e5006286", size = 6737533, upload-time = "2025-07-24T20:46:46.111Z" },
    { url = "https://files.pythonhosted.org/packages/19/ea/0731efe2c9073ccca5698ef6a8c3667c4cf4eea53fcdcd0b50140aba03bc/numpy-2.3.2-cp313-cp313t-manylinux_2_27_aarch64.manylinux_2_28_aarch64.whl", hash = "sha256:de6ea4e5a65d5a90c7d286ddff2b87f3f4ad61faa3db8dabe936b34c2275b6f8", size = 14352007, upload-time = "2025-07-24T20:47:07.1Z" },
    { url = "https://files.pythonhosted.org/packages/cf/90/36be0865f16dfed20f4bc7f75235b963d5939707d4b591f086777412ff7b/numpy-2.3.2-cp313-cp313t-manylinux_2_27_x86_64.manylinux_2_28_x86_64.whl", hash = "sha256:a3ef07ec8cbc8fc9e369c8dcd52019510c12da4de81367d8b20bc692aa07573a", size = 16701914, upload-time = "2025-07-24T20:47:32.459Z" },
    { url = "https://files.pythonhosted.org/packages/94/30/06cd055e24cb6c38e5989a9e747042b4e723535758e6153f11afea88c01b/numpy-2.3.2-cp313-cp313t-musllinux_1_2_aarch64.whl", hash = "sha256:27c9f90e7481275c7800dc9c24b7cc40ace3fdb970ae4d21eaff983a32f70c91", size = 16132708, upload-time = "2025-07-24T20:47:58.129Z" },
    { url = "https://files.pythonhosted.org/packages/9a/14/ecede608ea73e58267fd7cb78f42341b3b37ba576e778a1a06baffbe585c/numpy-2.3.2-cp313-cp313t-musllinux_1_2_x86_64.whl", hash = "sha256:07b62978075b67eee4065b166d000d457c82a1efe726cce608b9db9dd66a73a5", size = 18651678, upload-time = "2025-07-24T20:48:25.402Z" },
    { url = "https://files.pythonhosted.org/packages/40/f3/2fe6066b8d07c3685509bc24d56386534c008b462a488b7f503ba82b8923/numpy-2.3.2-cp313-cp313t-win32.whl", hash = "sha256:c771cfac34a4f2c0de8e8c97312d07d64fd8f8ed45bc9f5726a7e947270152b5", size = 6441832, upload-time = "2025-07-24T20:48:37.181Z" },
    { url = "https://files.pythonhosted.org/packages/0b/ba/0937d66d05204d8f28630c9c60bc3eda68824abde4cf756c4d6aad03b0c6/numpy-2.3.2-cp313-cp313t-win_amd64.whl", hash = "sha256:72dbebb2dcc8305c431b2836bcc66af967df91be793d63a24e3d9b741374c450", size = 12927049, upload-time = "2025-07-24T20:48:56.24Z" },
    { url = "https://files.pythonhosted.org/packages/e9/ed/13542dd59c104d5e654dfa2ac282c199ba64846a74c2c4bcdbc3a0f75df1/numpy-2.3.2-cp313-cp313t-win_arm64.whl", hash = "sha256:72c6df2267e926a6d5286b0a6d556ebe49eae261062059317837fda12ddf0c1a", size = 10262935, upload-time = "2025-07-24T20:49:13.136Z" },
    { url = "https://files.pythonhosted.org/packages/c9/7c/7659048aaf498f7611b783e000c7268fcc4dcf0ce21cd10aad7b2e8f9591/numpy-2.3.2-cp314-cp314-macosx_10_13_x86_64.whl", hash = "sha256:448a66d052d0cf14ce9865d159bfc403282c9bc7bb2a31b03cc18b651eca8b1a", size = 20950906, upload-time = "2025-07-24T20:50:30.346Z" },
    { url = "https://files.pythonhosted.org/packages/80/db/984bea9d4ddf7112a04cfdfb22b1050af5757864cfffe8e09e44b7f11a10/numpy-2.3.2-cp314-cp314-macosx_11_0_arm64.whl", hash = "sha256:546aaf78e81b4081b2eba1d105c3b34064783027a06b3ab20b6eba21fb64132b", size = 14185607, upload-time = "2025-07-24T20:50:51.923Z" },
    { url = "https://files.pythonhosted.org/packages/e4/76/b3d6f414f4eca568f469ac112a3b510938d892bc5a6c190cb883af080b77/numpy-2.3.2-cp314-cp314-macosx_14_0_arm64.whl", hash = "sha256:87c930d52f45df092f7578889711a0768094debf73cfcde105e2d66954358125", size = 5114110, upload-time = "2025-07-24T20:51:01.041Z" },
    { url = "https://files.pythonhosted.org/packages/9e/d2/6f5e6826abd6bca52392ed88fe44a4b52aacb60567ac3bc86c67834c3a56/numpy-2.3.2-cp314-cp314-macosx_14_0_x86_64.whl", hash = "sha256:8dc082ea901a62edb8f59713c6a7e28a85daddcb67454c839de57656478f5b19", size = 6642050, upload-time = "2025-07-24T20:51:11.64Z" },
    { url = "https://files.pythonhosted.org/packages/c4/43/f12b2ade99199e39c73ad182f103f9d9791f48d885c600c8e05927865baf/numpy-2.3.2-cp314-cp314-manylinux_2_27_aarch64.manylinux_2_28_aarch64.whl", hash = "sha256:af58de8745f7fa9ca1c0c7c943616c6fe28e75d0c81f5c295810e3c83b5be92f", size = 14296292, upload-time = "2025-07-24T20:51:33.488Z" },
    { url = "https://files.pythonhosted.org/packages/5d/f9/77c07d94bf110a916b17210fac38680ed8734c236bfed9982fd8524a7b47/numpy-2.3.2-cp314-cp314-manylinux_2_27_x86_64.manylinux_2_28_x86_64.whl", hash = "sha256:fed5527c4cf10f16c6d0b6bee1f89958bccb0ad2522c8cadc2efd318bcd545f5", size = 16638913, upload-time = "2025-07-24T20:51:58.517Z" },
    { url = "https://files.pythonhosted.org/packages/9b/d1/9d9f2c8ea399cc05cfff8a7437453bd4e7d894373a93cdc46361bbb49a7d/numpy-2.3.2-cp314-cp314-musllinux_1_2_aarch64.whl", hash = "sha256:095737ed986e00393ec18ec0b21b47c22889ae4b0cd2d5e88342e08b01141f58", size = 16071180, upload-time = "2025-07-24T20:52:22.827Z" },
    { url = "https://files.pythonhosted.org/packages/4c/41/82e2c68aff2a0c9bf315e47d61951099fed65d8cb2c8d9dc388cb87e947e/numpy-2.3.2-cp314-cp314-musllinux_1_2_x86_64.whl", hash = "sha256:b5e40e80299607f597e1a8a247ff8d71d79c5b52baa11cc1cce30aa92d2da6e0", size = 18576809, upload-time = "2025-07-24T20:52:51.015Z" },
    { url = "https://files.pythonhosted.org/packages/14/14/4b4fd3efb0837ed252d0f583c5c35a75121038a8c4e065f2c259be06d2d8/numpy-2.3.2-cp314-cp314-win32.whl", hash = "sha256:7d6e390423cc1f76e1b8108c9b6889d20a7a1f59d9a60cac4a050fa734d6c1e2", size = 6366410, upload-time = "2025-07-24T20:56:44.949Z" },
    { url = "https://files.pythonhosted.org/packages/11/9e/b4c24a6b8467b61aced5c8dc7dcfce23621baa2e17f661edb2444a418040/numpy-2.3.2-cp314-cp314-win_amd64.whl", hash = "sha256:b9d0878b21e3918d76d2209c924ebb272340da1fb51abc00f986c258cd5e957b", size = 12918821, upload-time = "2025-07-24T20:57:06.479Z" },
    { url = "https://files.pythonhosted.org/packages/0e/0f/0dc44007c70b1007c1cef86b06986a3812dd7106d8f946c09cfa75782556/numpy-2.3.2-cp314-cp314-win_arm64.whl", hash = "sha256:2738534837c6a1d0c39340a190177d7d66fdf432894f469728da901f8f6dc910", size = 10477303, upload-time = "2025-07-24T20:57:22.879Z" },
    { url = "https://files.pythonhosted.org/packages/8b/3e/075752b79140b78ddfc9c0a1634d234cfdbc6f9bbbfa6b7504e445ad7d19/numpy-2.3.2-cp314-cp314t-macosx_10_13_x86_64.whl", hash = "sha256:4d002ecf7c9b53240be3bb69d80f86ddbd34078bae04d87be81c1f58466f264e", size = 21047524, upload-time = "2025-07-24T20:53:22.086Z" },
    { url = "https://files.pythonhosted.org/packages/fe/6d/60e8247564a72426570d0e0ea1151b95ce5bd2f1597bb878a18d32aec855/numpy-2.3.2-cp314-cp314t-macosx_11_0_arm64.whl", hash = "sha256:293b2192c6bcce487dbc6326de5853787f870aeb6c43f8f9c6496db5b1781e45", size = 14300519, upload-time = "2025-07-24T20:53:44.053Z" },
    { url = "https://files.pythonhosted.org/packages/4d/73/d8326c442cd428d47a067070c3ac6cc3b651a6e53613a1668342a12d4479/numpy-2.3.2-cp314-cp314t-macosx_14_0_arm64.whl", hash = "sha256:0a4f2021a6da53a0d580d6ef5db29947025ae8b35b3250141805ea9a32bbe86b", size = 5228972, upload-time = "2025-07-24T20:53:53.81Z" },
    { url = "https://files.pythonhosted.org/packages/34/2e/e71b2d6dad075271e7079db776196829019b90ce3ece5c69639e4f6fdc44/numpy-2.3.2-cp314-cp314t-macosx_14_0_x86_64.whl", hash = "sha256:9c144440db4bf3bb6372d2c3e49834cc0ff7bb4c24975ab33e01199e645416f2", size = 6737439, upload-time = "2025-07-24T20:54:04.742Z" },
    { url = "https://files.pythonhosted.org/packages/15/b0/d004bcd56c2c5e0500ffc65385eb6d569ffd3363cb5e593ae742749b2daa/numpy-2.3.2-cp314-cp314t-manylinux_2_27_aarch64.manylinux_2_28_aarch64.whl", hash = "sha256:f92d6c2a8535dc4fe4419562294ff957f83a16ebdec66df0805e473ffaad8bd0", size = 14352479, upload-time = "2025-07-24T20:54:25.819Z" },
    { url = "https://files.pythonhosted.org/packages/11/e3/285142fcff8721e0c99b51686426165059874c150ea9ab898e12a492e291/numpy-2.3.2-cp314-cp314t-manylinux_2_27_x86_64.manylinux_2_28_x86_64.whl", hash = "sha256:cefc2219baa48e468e3db7e706305fcd0c095534a192a08f31e98d83a7d45fb0", size = 16702805, upload-time = "2025-07-24T20:54:50.814Z" },
    { url = "https://files.pythonhosted.org/packages/33/c3/33b56b0e47e604af2c7cd065edca892d180f5899599b76830652875249a3/numpy-2.3.2-cp314-cp314t-musllinux_1_2_aarch64.whl", hash = "sha256:76c3e9501ceb50b2ff3824c3589d5d1ab4ac857b0ee3f8f49629d0de55ecf7c2", size = 16133830, upload-time = "2025-07-24T20:55:17.306Z" },
    { url = "https://files.pythonhosted.org/packages/6e/ae/7b1476a1f4d6a48bc669b8deb09939c56dd2a439db1ab03017844374fb67/numpy-2.3.2-cp314-cp314t-musllinux_1_2_x86_64.whl", hash = "sha256:122bf5ed9a0221b3419672493878ba4967121514b1d7d4656a7580cd11dddcbf", size = 18652665, upload-time = "2025-07-24T20:55:46.665Z" },
    { url = "https://files.pythonhosted.org/packages/14/ba/5b5c9978c4bb161034148ade2de9db44ec316fab89ce8c400db0e0c81f86/numpy-2.3.2-cp314-cp314t-win32.whl", hash = "sha256:6f1ae3dcb840edccc45af496f312528c15b1f79ac318169d094e85e4bb35fdf1", size = 6514777, upload-time = "2025-07-24T20:55:57.66Z" },
    { url = "https://files.pythonhosted.org/packages/eb/46/3dbaf0ae7c17cdc46b9f662c56da2054887b8d9e737c1476f335c83d33db/numpy-2.3.2-cp314-cp314t-win_amd64.whl", hash = "sha256:087ffc25890d89a43536f75c5fe8770922008758e8eeeef61733957041ed2f9b", size = 13111856, upload-time = "2025-07-24T20:56:17.318Z" },
    { url = "https://files.pythonhosted.org/packages/c1/9e/1652778bce745a67b5fe05adde60ed362d38eb17d919a540e813d30f6874/numpy-2.3.2-cp314-cp314t-win_arm64.whl", hash = "sha256:092aeb3449833ea9c0bf0089d70c29ae480685dd2377ec9cdbbb620257f84631", size = 10544226, upload-time = "2025-07-24T20:56:34.509Z" },
]

[[package]]
name = "pandas"
version = "2.3.2"
source = { registry = "https://pypi.org/simple" }
dependencies = [
    { name = "numpy" },
    { name = "python-dateutil" },
    { name = "pytz" },
    { name = "tzdata" },
]
sdist = { url = "https://files.pythonhosted.org/packages/79/8e/0e90233ac205ad182bd6b422532695d2b9414944a280488105d598c70023/pandas-2.3.2.tar.gz", hash = "sha256:ab7b58f8f82706890924ccdfb5f48002b83d2b5a3845976a9fb705d36c34dcdb", size = 4488684, upload-time = "2025-08-21T10:28:29.257Z" }
wheels = [
    { url = "https://files.pythonhosted.org/packages/27/64/a2f7bf678af502e16b472527735d168b22b7824e45a4d7e96a4fbb634b59/pandas-2.3.2-cp313-cp313-macosx_10_13_x86_64.whl", hash = "sha256:0c6ecbac99a354a051ef21c5307601093cb9e0f4b1855984a084bfec9302699e", size = 11531061, upload-time = "2025-08-21T10:27:34.647Z" },
    { url = "https://files.pythonhosted.org/packages/54/4c/c3d21b2b7769ef2f4c2b9299fcadd601efa6729f1357a8dbce8dd949ed70/pandas-2.3.2-cp313-cp313-macosx_11_0_arm64.whl", hash = "sha256:c6f048aa0fd080d6a06cc7e7537c09b53be6642d330ac6f54a600c3ace857ee9", size = 10668666, upload-time = "2025-08-21T10:27:37.203Z" },
    { url = "https://files.pythonhosted.org/packages/50/e2/f775ba76ecfb3424d7f5862620841cf0edb592e9abd2d2a5387d305fe7a8/pandas-2.3.2-cp313-cp313-manylinux_2_17_aarch64.manylinux2014_aarch64.whl", hash = "sha256:0064187b80a5be6f2f9c9d6bdde29372468751dfa89f4211a3c5871854cfbf7a", size = 11332835, upload-time = "2025-08-21T10:27:40.188Z" },
    { url = "https://files.pythonhosted.org/packages/8f/52/0634adaace9be2d8cac9ef78f05c47f3a675882e068438b9d7ec7ef0c13f/pandas-2.3.2-cp313-cp313-manylinux_2_17_x86_64.manylinux2014_x86_64.whl", hash = "sha256:4ac8c320bded4718b298281339c1a50fb00a6ba78cb2a63521c39bec95b0209b", size = 12057211, upload-time = "2025-08-21T10:27:43.117Z" },
    { url = "https://files.pythonhosted.org/packages/0b/9d/2df913f14b2deb9c748975fdb2491da1a78773debb25abbc7cbc67c6b549/pandas-2.3.2-cp313-cp313-musllinux_1_2_aarch64.whl", hash = "sha256:114c2fe4f4328cf98ce5716d1532f3ab79c5919f95a9cfee81d9140064a2e4d6", size = 12749277, upload-time = "2025-08-21T10:27:45.474Z" },
    { url = "https://files.pythonhosted.org/packages/87/af/da1a2417026bd14d98c236dba88e39837182459d29dcfcea510b2ac9e8a1/pandas-2.3.2-cp313-cp313-musllinux_1_2_x86_64.whl", hash = "sha256:48fa91c4dfb3b2b9bfdb5c24cd3567575f4e13f9636810462ffed8925352be5a", size = 13415256, upload-time = "2025-08-21T10:27:49.885Z" },
    { url = "https://files.pythonhosted.org/packages/22/3c/f2af1ce8840ef648584a6156489636b5692c162771918aa95707c165ad2b/pandas-2.3.2-cp313-cp313-win_amd64.whl", hash = "sha256:12d039facec710f7ba305786837d0225a3444af7bbd9c15c32ca2d40d157ed8b", size = 10982579, upload-time = "2025-08-21T10:28:08.435Z" },
    { url = "https://files.pythonhosted.org/packages/f3/98/8df69c4097a6719e357dc249bf437b8efbde808038268e584421696cbddf/pandas-2.3.2-cp313-cp313t-macosx_10_13_x86_64.whl", hash = "sha256:c624b615ce97864eb588779ed4046186f967374185c047070545253a52ab2d57", size = 12028163, upload-time = "2025-08-21T10:27:52.232Z" },
    { url = "https://files.pythonhosted.org/packages/0e/23/f95cbcbea319f349e10ff90db488b905c6883f03cbabd34f6b03cbc3c044/pandas-2.3.2-cp313-cp313t-macosx_11_0_arm64.whl", hash = "sha256:0cee69d583b9b128823d9514171cabb6861e09409af805b54459bd0c821a35c2", size = 11391860, upload-time = "2025-08-21T10:27:54.673Z" },
    { url = "https://files.pythonhosted.org/packages/ad/1b/6a984e98c4abee22058aa75bfb8eb90dce58cf8d7296f8bc56c14bc330b0/pandas-2.3.2-cp313-cp313t-manylinux_2_17_aarch64.manylinux2014_aarch64.whl", hash = "sha256:2319656ed81124982900b4c37f0e0c58c015af9a7bbc62342ba5ad07ace82ba9", size = 11309830, upload-time = "2025-08-21T10:27:56.957Z" },
    { url = "https://files.pythonhosted.org/packages/15/d5/f0486090eb18dd8710bf60afeaf638ba6817047c0c8ae5c6a25598665609/pandas-2.3.2-cp313-cp313t-manylinux_2_17_x86_64.manylinux2014_x86_64.whl", hash = "sha256:b37205ad6f00d52f16b6d09f406434ba928c1a1966e2771006a9033c736d30d2", size = 11883216, upload-time = "2025-08-21T10:27:59.302Z" },
    { url = "https://files.pythonhosted.org/packages/10/86/692050c119696da19e20245bbd650d8dfca6ceb577da027c3a73c62a047e/pandas-2.3.2-cp313-cp313t-musllinux_1_2_aarch64.whl", hash = "sha256:837248b4fc3a9b83b9c6214699a13f069dc13510a6a6d7f9ba33145d2841a012", size = 12699743, upload-time = "2025-08-21T10:28:02.447Z" },
    { url = "https://files.pythonhosted.org/packages/cd/d7/612123674d7b17cf345aad0a10289b2a384bff404e0463a83c4a3a59d205/pandas-2.3.2-cp313-cp313t-musllinux_1_2_x86_64.whl", hash = "sha256:d2c3554bd31b731cd6490d94a28f3abb8dd770634a9e06eb6d2911b9827db370", size = 13186141, upload-time = "2025-08-21T10:28:05.377Z" },
]

[[package]]
name = "parquet"
version = "1.3.1"
source = { registry = "https://pypi.org/simple" }
dependencies = [
    { name = "thriftpy2" },
]
sdist = { url = "https://files.pythonhosted.org/packages/39/06/56482f6834135a67dfc5a2bfce071a75be5c8c91edd8e319d69eb56b4644/parquet-1.3.1.tar.gz", hash = "sha256:fb1c90768c1b9159d4d6a9b3112ea8107b0b46d7491c5ac452ba7350f333bf0a", size = 23081, upload-time = "2020-04-30T01:06:40.195Z" }
wheels = [
    { url = "https://files.pythonhosted.org/packages/14/a6/d57a2fe5caac3e0e0cdb78c0e450f30f953a590ecf94478065f33feb3d8f/parquet-1.3.1-py3-none-any.whl", hash = "sha256:a492a08643b51af8b4c2a25d97e1667170a483fc68ca408979b080ae9d771f51", size = 24579, upload-time = "2020-04-30T01:06:39.057Z" },
]

[[package]]
name = "ply"
version = "3.11"
source = { registry = "https://pypi.org/simple" }
sdist = { url = "https://files.pythonhosted.org/packages/e5/69/882ee5c9d017149285cab114ebeab373308ef0f874fcdac9beb90e0ac4da/ply-3.11.tar.gz", hash = "sha256:00c7c1aaa88358b9c765b6d3000c6eec0ba42abca5351b095321aef446081da3", size = 159130, upload-time = "2018-02-15T19:01:31.097Z" }
wheels = [
    { url = "https://files.pythonhosted.org/packages/a3/58/35da89ee790598a0700ea49b2a66594140f44dec458c07e8e3d4979137fc/ply-3.11-py2.py3-none-any.whl", hash = "sha256:096f9b8350b65ebd2fd1346b12452efe5b9607f7482813ffca50c22722a807ce", size = 49567, upload-time = "2018-02-15T19:01:27.172Z" },
]

[[package]]
name = "polars"
version = "1.32.3"
source = { registry = "https://pypi.org/simple" }
sdist = { url = "https://files.pythonhosted.org/packages/aa/f2/1a76a8bd902bc4942e435a480f362c8687bba60d438ff3283191e38568fa/polars-1.32.3.tar.gz", hash = "sha256:57c500dc1b5cba49b0589034478db031815f3d57a20cb830b05ecee1a9ba56b1", size = 4838448, upload-time = "2025-08-14T17:28:10.702Z" }
wheels = [
    { url = "https://files.pythonhosted.org/packages/4c/9b/5937ab9f8fa49c8e00617aeb817a5ffa5740434d5bb8a90f2afa657875aa/polars-1.32.3-cp39-abi3-macosx_10_12_x86_64.whl", hash = "sha256:c7c472ea1d50a5104079cb64e34f78f85774bcc69b875ba8daf21233f4c70d42", size = 37935794, upload-time = "2025-08-14T17:26:55.565Z" },
    { url = "https://files.pythonhosted.org/packages/6e/e9/88f5332001b9dd5c8e0a4fab51015f740e01715a081c41bc0f7ad2bf76a5/polars-1.32.3-cp39-abi3-macosx_11_0_arm64.whl", hash = "sha256:fd87275f0cc795e72a2030b58293198cfa748d4b009cf52218e27db5397ed07f", size = 34621102, upload-time = "2025-08-14T17:27:00.521Z" },
    { url = "https://files.pythonhosted.org/packages/ab/8a/6f56af7e535c34c95decc8654786bfce4632ba32817dc2f8bad18571ef9a/polars-1.32.3-cp39-abi3-manylinux_2_17_x86_64.manylinux2014_x86_64.whl", hash = "sha256:c9a9b9668ef310e5a77a7e7daa9c753874779c8da52e93f654bfd7953eb4b60b", size = 38443071, upload-time = "2025-08-14T17:27:08.382Z" },
    { url = "https://files.pythonhosted.org/packages/46/aa/63536ea5780edc0ef6850679dc81d519f3966c7bb11a5cf10ccecb541095/polars-1.32.3-cp39-abi3-manylinux_2_24_aarch64.whl", hash = "sha256:c8f5d2f43b80b68e39bfaa2948ce632563633466576f12e74e8560d6481f5851", size = 35639598, upload-time = "2025-08-14T17:27:12.261Z" },
    { url = "https://files.pythonhosted.org/packages/d7/c8/226953cda6cf9ae63aa9714d396a9138029e31db3c504c15d6711b618f8f/polars-1.32.3-cp39-abi3-win_amd64.whl", hash = "sha256:db56a7cb4898e173d62634e182f74bdff744c62be5470e0fe20df8d10f659af7", size = 38038192, upload-time = "2025-08-14T17:27:15.993Z" },
    { url = "https://files.pythonhosted.org/packages/ec/99/6b93c854e602927a778eabd7550204f700cc4e6c07be73372371583dda3e/polars-1.32.3-cp39-abi3-win_arm64.whl", hash = "sha256:a2e3f87c60f54eefe67b1bebd3105918d84df0fd6d59cc6b870c2f16d2d26ca1", size = 34198919, upload-time = "2025-08-14T17:27:21.423Z" },
]

[[package]]
name = "psutil"
version = "7.1.0"
source = { registry = "https://pypi.org/simple" }
sdist = { url = "https://files.pythonhosted.org/packages/b3/31/4723d756b59344b643542936e37a31d1d3204bcdc42a7daa8ee9eb06fb50/psutil-7.1.0.tar.gz", hash = "sha256:655708b3c069387c8b77b072fc429a57d0e214221d01c0a772df7dfedcb3bcd2", size = 497660, upload-time = "2025-09-17T20:14:52.902Z" }
wheels = [
    { url = "https://files.pythonhosted.org/packages/46/62/ce4051019ee20ce0ed74432dd73a5bb087a6704284a470bb8adff69a0932/psutil-7.1.0-cp36-abi3-macosx_10_9_x86_64.whl", hash = "sha256:76168cef4397494250e9f4e73eb3752b146de1dd950040b29186d0cce1d5ca13", size = 245242, upload-time = "2025-09-17T20:14:56.126Z" },
    { url = "https://files.pythonhosted.org/packages/38/61/f76959fba841bf5b61123fbf4b650886dc4094c6858008b5bf73d9057216/psutil-7.1.0-cp36-abi3-macosx_11_0_arm64.whl", hash = "sha256:5d007560c8c372efdff9e4579c2846d71de737e4605f611437255e81efcca2c5", size = 246682, upload-time = "2025-09-17T20:14:58.25Z" },
    { url = "https://files.pythonhosted.org/packages/88/7a/37c99d2e77ec30d63398ffa6a660450b8a62517cabe44b3e9bae97696e8d/psutil-7.1.0-cp36-abi3-manylinux_2_12_i686.manylinux2010_i686.manylinux_2_17_i686.manylinux2014_i686.whl", hash = "sha256:22e4454970b32472ce7deaa45d045b34d3648ce478e26a04c7e858a0a6e75ff3", size = 287994, upload-time = "2025-09-17T20:14:59.901Z" },
    { url = "https://files.pythonhosted.org/packages/9d/de/04c8c61232f7244aa0a4b9a9fbd63a89d5aeaf94b2fc9d1d16e2faa5cbb0/psutil-7.1.0-cp36-abi3-manylinux_2_12_x86_64.manylinux2010_x86_64.manylinux_2_17_x86_64.manylinux2014_x86_64.whl", hash = "sha256:8c70e113920d51e89f212dd7be06219a9b88014e63a4cec69b684c327bc474e3", size = 291163, upload-time = "2025-09-17T20:15:01.481Z" },
    { url = "https://files.pythonhosted.org/packages/f4/58/c4f976234bf6d4737bc8c02a81192f045c307b72cf39c9e5c5a2d78927f6/psutil-7.1.0-cp36-abi3-manylinux_2_17_aarch64.manylinux2014_aarch64.whl", hash = "sha256:7d4a113425c037300de3ac8b331637293da9be9713855c4fc9d2d97436d7259d", size = 293625, upload-time = "2025-09-17T20:15:04.492Z" },
    { url = "https://files.pythonhosted.org/packages/79/87/157c8e7959ec39ced1b11cc93c730c4fb7f9d408569a6c59dbd92ceb35db/psutil-7.1.0-cp37-abi3-win32.whl", hash = "sha256:09ad740870c8d219ed8daae0ad3b726d3bf9a028a198e7f3080f6a1888b99bca", size = 244812, upload-time = "2025-09-17T20:15:07.462Z" },
    { url = "https://files.pythonhosted.org/packages/bf/e9/b44c4f697276a7a95b8e94d0e320a7bf7f3318521b23de69035540b39838/psutil-7.1.0-cp37-abi3-win_amd64.whl", hash = "sha256:57f5e987c36d3146c0dd2528cd42151cf96cd359b9d67cfff836995cc5df9a3d", size = 247965, upload-time = "2025-09-17T20:15:09.673Z" },
    { url = "https://files.pythonhosted.org/packages/26/65/1070a6e3c036f39142c2820c4b52e9243246fcfc3f96239ac84472ba361e/psutil-7.1.0-cp37-abi3-win_arm64.whl", hash = "sha256:6937cb68133e7c97b6cc9649a570c9a18ba0efebed46d8c5dae4c07fa1b67a07", size = 244971, upload-time = "2025-09-17T20:15:12.262Z" },
]

[[package]]
name = "py-cpuinfo"
version = "9.0.0"
source = { registry = "https://pypi.org/simple" }
sdist = { url = "https://files.pythonhosted.org/packages/37/a8/d832f7293ebb21690860d2e01d8115e5ff6f2ae8bbdc953f0eb0fa4bd2c7/py-cpuinfo-9.0.0.tar.gz", hash = "sha256:3cdbbf3fac90dc6f118bfd64384f309edeadd902d7c8fb17f02ffa1fc3f49690", size = 104716, upload-time = "2022-10-25T20:38:06.303Z" }
wheels = [
    { url = "https://files.pythonhosted.org/packages/e0/a9/023730ba63db1e494a271cb018dcd361bd2c917ba7004c3e49d5daf795a2/py_cpuinfo-9.0.0-py3-none-any.whl", hash = "sha256:859625bc251f64e21f077d099d4162689c762b5d6a4c3c97553d56241c9674d5", size = 22335, upload-time = "2022-10-25T20:38:27.636Z" },
]

[[package]]
name = "pyarrow"
version = "21.0.0"
source = { registry = "https://pypi.org/simple" }
sdist = { url = "https://files.pythonhosted.org/packages/ef/c2/ea068b8f00905c06329a3dfcd40d0fcc2b7d0f2e355bdb25b65e0a0e4cd4/pyarrow-21.0.0.tar.gz", hash = "sha256:5051f2dccf0e283ff56335760cbc8622cf52264d67e359d5569541ac11b6d5bc", size = 1133487, upload-time = "2025-07-18T00:57:31.761Z" }
wheels = [
    { url = "https://files.pythonhosted.org/packages/16/ca/c7eaa8e62db8fb37ce942b1ea0c6d7abfe3786ca193957afa25e71b81b66/pyarrow-21.0.0-cp313-cp313-macosx_12_0_arm64.whl", hash = "sha256:e99310a4ebd4479bcd1964dff9e14af33746300cb014aa4a3781738ac63baf4a", size = 31154306, upload-time = "2025-07-18T00:56:04.42Z" },
    { url = "https://files.pythonhosted.org/packages/ce/e8/e87d9e3b2489302b3a1aea709aaca4b781c5252fcb812a17ab6275a9a484/pyarrow-21.0.0-cp313-cp313-macosx_12_0_x86_64.whl", hash = "sha256:d2fe8e7f3ce329a71b7ddd7498b3cfac0eeb200c2789bd840234f0dc271a8efe", size = 32680622, upload-time = "2025-07-18T00:56:07.505Z" },
    { url = "https://files.pythonhosted.org/packages/84/52/79095d73a742aa0aba370c7942b1b655f598069489ab387fe47261a849e1/pyarrow-21.0.0-cp313-cp313-manylinux_2_28_aarch64.whl", hash = "sha256:f522e5709379d72fb3da7785aa489ff0bb87448a9dc5a75f45763a795a089ebd", size = 41104094, upload-time = "2025-07-18T00:56:10.994Z" },
    { url = "https://files.pythonhosted.org/packages/89/4b/7782438b551dbb0468892a276b8c789b8bbdb25ea5c5eb27faadd753e037/pyarrow-21.0.0-cp313-cp313-manylinux_2_28_x86_64.whl", hash = "sha256:69cbbdf0631396e9925e048cfa5bce4e8c3d3b41562bbd70c685a8eb53a91e61", size = 42825576, upload-time = "2025-07-18T00:56:15.569Z" },
    { url = "https://files.pythonhosted.org/packages/b3/62/0f29de6e0a1e33518dec92c65be0351d32d7ca351e51ec5f4f837a9aab91/pyarrow-21.0.0-cp313-cp313-musllinux_1_2_aarch64.whl", hash = "sha256:731c7022587006b755d0bdb27626a1a3bb004bb56b11fb30d98b6c1b4718579d", size = 43368342, upload-time = "2025-07-18T00:56:19.531Z" },
    { url = "https://files.pythonhosted.org/packages/90/c7/0fa1f3f29cf75f339768cc698c8ad4ddd2481c1742e9741459911c9ac477/pyarrow-21.0.0-cp313-cp313-musllinux_1_2_x86_64.whl", hash = "sha256:dc56bc708f2d8ac71bd1dcb927e458c93cec10b98eb4120206a4091db7b67b99", size = 45131218, upload-time = "2025-07-18T00:56:23.347Z" },
    { url = "https://files.pythonhosted.org/packages/01/63/581f2076465e67b23bc5a37d4a2abff8362d389d29d8105832e82c9c811c/pyarrow-21.0.0-cp313-cp313-win_amd64.whl", hash = "sha256:186aa00bca62139f75b7de8420f745f2af12941595bbbfa7ed3870ff63e25636", size = 26087551, upload-time = "2025-07-18T00:56:26.758Z" },
    { url = "https://files.pythonhosted.org/packages/c9/ab/357d0d9648bb8241ee7348e564f2479d206ebe6e1c47ac5027c2e31ecd39/pyarrow-21.0.0-cp313-cp313t-macosx_12_0_arm64.whl", hash = "sha256:a7a102574faa3f421141a64c10216e078df467ab9576684d5cd696952546e2da", size = 31290064, upload-time = "2025-07-18T00:56:30.214Z" },
    { url = "https://files.pythonhosted.org/packages/3f/8a/5685d62a990e4cac2043fc76b4661bf38d06efed55cf45a334b455bd2759/pyarrow-21.0.0-cp313-cp313t-macosx_12_0_x86_64.whl", hash = "sha256:1e005378c4a2c6db3ada3ad4c217b381f6c886f0a80d6a316fe586b90f77efd7", size = 32727837, upload-time = "2025-07-18T00:56:33.935Z" },
    { url = "https://files.pythonhosted.org/packages/fc/de/c0828ee09525c2bafefd3e736a248ebe764d07d0fd762d4f0929dbc516c9/pyarrow-21.0.0-cp313-cp313t-manylinux_2_28_aarch64.whl", hash = "sha256:65f8e85f79031449ec8706b74504a316805217b35b6099155dd7e227eef0d4b6", size = 41014158, upload-time = "2025-07-18T00:56:37.528Z" },
    { url = "https://files.pythonhosted.org/packages/6e/26/a2865c420c50b7a3748320b614f3484bfcde8347b2639b2b903b21ce6a72/pyarrow-21.0.0-cp313-cp313t-manylinux_2_28_x86_64.whl", hash = "sha256:3a81486adc665c7eb1a2bde0224cfca6ceaba344a82a971ef059678417880eb8", size = 42667885, upload-time = "2025-07-18T00:56:41.483Z" },
    { url = "https://files.pythonhosted.org/packages/0a/f9/4ee798dc902533159250fb4321267730bc0a107d8c6889e07c3add4fe3a5/pyarrow-21.0.0-cp313-cp313t-musllinux_1_2_aarch64.whl", hash = "sha256:fc0d2f88b81dcf3ccf9a6ae17f89183762c8a94a5bdcfa09e05cfe413acf0503", size = 43276625, upload-time = "2025-07-18T00:56:48.002Z" },
    { url = "https://files.pythonhosted.org/packages/5a/da/e02544d6997037a4b0d22d8e5f66bc9315c3671371a8b18c79ade1cefe14/pyarrow-21.0.0-cp313-cp313t-musllinux_1_2_x86_64.whl", hash = "sha256:6299449adf89df38537837487a4f8d3bd91ec94354fdd2a7d30bc11c48ef6e79", size = 44951890, upload-time = "2025-07-18T00:56:52.568Z" },
    { url = "https://files.pythonhosted.org/packages/e5/4e/519c1bc1876625fe6b71e9a28287c43ec2f20f73c658b9ae1d485c0c206e/pyarrow-21.0.0-cp313-cp313t-win_amd64.whl", hash = "sha256:222c39e2c70113543982c6b34f3077962b44fca38c0bd9e68bb6781534425c10", size = 26371006, upload-time = "2025-07-18T00:56:56.379Z" },
]

[[package]]
name = "python-dateutil"
version = "2.9.0.post0"
source = { registry = "https://pypi.org/simple" }
dependencies = [
    { name = "six" },
]
sdist = { url = "https://files.pythonhosted.org/packages/66/c0/0c8b6ad9f17a802ee498c46e004a0eb49bc148f2fd230864601a86dcf6db/python-dateutil-2.9.0.post0.tar.gz", hash = "sha256:37dd54208da7e1cd875388217d5e00ebd4179249f90fb72437e91a35459a0ad3", size = 342432, upload-time = "2024-03-01T18:36:20.211Z" }
wheels = [
    { url = "https://files.pythonhosted.org/packages/ec/57/56b9bcc3c9c6a792fcbaf139543cee77261f3651ca9da0c93f5c1221264b/python_dateutil-2.9.0.post0-py2.py3-none-any.whl", hash = "sha256:a8b2bc7bffae282281c8140a97d3aa9c14da0b136dfe83f850eea9a5f7470427", size = 229892, upload-time = "2024-03-01T18:36:18.57Z" },
]

[[package]]
name = "pytz"
version = "2025.2"
source = { registry = "https://pypi.org/simple" }
sdist = { url = "https://files.pythonhosted.org/packages/f8/bf/abbd3cdfb8fbc7fb3d4d38d320f2441b1e7cbe29be4f23797b4a2b5d8aac/pytz-2025.2.tar.gz", hash = "sha256:360b9e3dbb49a209c21ad61809c7fb453643e048b38924c765813546746e81c3", size = 320884, upload-time = "2025-03-25T02:25:00.538Z" }
wheels = [
    { url = "https://files.pythonhosted.org/packages/81/c4/34e93fe5f5429d7570ec1fa436f1986fb1f00c3e0f43a589fe2bbcd22c3f/pytz-2025.2-py2.py3-none-any.whl", hash = "sha256:5ddf76296dd8c44c26eb8f4b6f35488f3ccbf6fbbd7adee0b7262d43f0ec2f00", size = 509225, upload-time = "2025-03-25T02:24:58.468Z" },
]

[[package]]
name = "pywin32"
version = "311"
source = { registry = "https://pypi.org/simple" }
wheels = [
    { url = "https://files.pythonhosted.org/packages/a5/be/3fd5de0979fcb3994bfee0d65ed8ca9506a8a1260651b86174f6a86f52b3/pywin32-311-cp313-cp313-win32.whl", hash = "sha256:f95ba5a847cba10dd8c4d8fefa9f2a6cf283b8b88ed6178fa8a6c1ab16054d0d", size = 8705700, upload-time = "2025-07-14T20:13:26.471Z" },
    { url = "https://files.pythonhosted.org/packages/e3/28/e0a1909523c6890208295a29e05c2adb2126364e289826c0a8bc7297bd5c/pywin32-311-cp313-cp313-win_amd64.whl", hash = "sha256:718a38f7e5b058e76aee1c56ddd06908116d35147e133427e59a3983f703a20d", size = 9494700, upload-time = "2025-07-14T20:13:28.243Z" },
    { url = "https://files.pythonhosted.org/packages/04/bf/90339ac0f55726dce7d794e6d79a18a91265bdf3aa70b6b9ca52f35e022a/pywin32-311-cp313-cp313-win_arm64.whl", hash = "sha256:7b4075d959648406202d92a2310cb990fea19b535c7f4a78d3f5e10b926eeb8a", size = 8709318, upload-time = "2025-07-14T20:13:30.348Z" },
    { url = "https://files.pythonhosted.org/packages/c9/31/097f2e132c4f16d99a22bfb777e0fd88bd8e1c634304e102f313af69ace5/pywin32-311-cp314-cp314-win32.whl", hash = "sha256:b7a2c10b93f8986666d0c803ee19b5990885872a7de910fc460f9b0c2fbf92ee", size = 8840714, upload-time = "2025-07-14T20:13:32.449Z" },
    { url = "https://files.pythonhosted.org/packages/90/4b/07c77d8ba0e01349358082713400435347df8426208171ce297da32c313d/pywin32-311-cp314-cp314-win_amd64.whl", hash = "sha256:3aca44c046bd2ed8c90de9cb8427f581c479e594e99b5c0bb19b29c10fd6cb87", size = 9656800, upload-time = "2025-07-14T20:13:34.312Z" },
    { url = "https://files.pythonhosted.org/packages/c0/d2/21af5c535501a7233e734b8af901574572da66fcc254cb35d0609c9080dd/pywin32-311-cp314-cp314-win_arm64.whl", hash = "sha256:a508e2d9025764a8270f93111a970e1d0fbfc33f4153b388bb649b7eec4f9b42", size = 8932540, upload-time = "2025-07-14T20:13:36.379Z" },
]

[[package]]
name = "six"
version = "1.17.0"
source = { registry = "https://pypi.org/simple" }
sdist = { url = "https://files.pythonhosted.org/packages/94/e7/b2c673351809dca68a0e064b6af791aa332cf192da575fd474ed7d6f16a2/six-1.17.0.tar.gz", hash = "sha256:ff70335d468e7eb6ec65b95b99d3a2836546063f63acc5171de367e834932a81", size = 34031, upload-time = "2024-12-04T17:35:28.174Z" }
wheels = [
    { url = "https://files.pythonhosted.org/packages/b7/ce/149a00dd41f10bc29e5921b496af8b574d8413afcd5e30dfa0ed46c2cc5e/six-1.17.0-py2.py3-none-any.whl", hash = "sha256:4721f391ed90541fddacab5acf947aa0d3dc7d27b2e1e8eda2be8970586c3274", size = 11050, upload-time = "2024-12-04T17:35:26.475Z" },
]

[[package]]
name = "thriftpy2"
version = "0.5.3"
source = { registry = "https://pypi.org/simple" }
dependencies = [
    { name = "ply" },
    { name = "six" },
]
sdist = { url = "https://files.pythonhosted.org/packages/64/d4/ef68e81e626dbce89d25fe728a538c1ec98abb5edb6079d7484c99767639/thriftpy2-0.5.3.tar.gz", hash = "sha256:ade0165ba060b97333bc7a927229e992441bfa17bb8e13ea05590c2ec3551b17", size = 814230, upload-time = "2025-07-14T13:25:33.955Z" }
wheels = [
    { url = "https://files.pythonhosted.org/packages/07/79/782214524c029dec33eee38712b382392547ba825150a227e2c35b6e713b/thriftpy2-0.5.3-cp313-cp313-macosx_10_13_x86_64.whl", hash = "sha256:bf69d246c39d0ce4ed922b6e00e643ca514cdf40010b00b46f82b0f758a840b3", size = 837010, upload-time = "2025-07-14T13:23:48.714Z" },
    { url = "https://files.pythonhosted.org/packages/04/f3/27e2ad056eaa74f00887cc0268d147b96eca8b2403ab779ba6e2755e8fa4/thriftpy2-0.5.3-cp313-cp313-macosx_11_0_arm64.whl", hash = "sha256:a7a00b772783847c0c48a43e098b64f5741ca5a2e52e6c66d9b753765cd93ed3", size = 826699, upload-time = "2025-07-14T13:23:51.452Z" },
    { url = "https://files.pythonhosted.org/packages/ea/52/4ec36ed2f1d642e871f7d0d65300662f4f2da97d3890f5c67c64ec6848fc/thriftpy2-0.5.3-cp313-cp313-manylinux_2_17_aarch64.manylinux2014_aarch64.whl", hash = "sha256:455440132b01b3a895001dc59ecf6056e8fd041ad6e745ff22391cf3a1f8361e", size = 2038240, upload-time = "2025-07-14T13:24:01.806Z" },
    { url = "https://files.pythonhosted.org/packages/7c/e0/cf46841d9c25930db65fda47dccefd62b4d878b6fc3af1d5a6962b0f9707/thriftpy2-0.5.3-cp313-cp313-manylinux_2_17_x86_64.manylinux2014_x86_64.whl", hash = "sha256:2d3c0403673a3b7fc38304cf89e07c792f44ac6aa3b15c12e6cc411a85d10af3", size = 2047681, upload-time = "2025-07-14T13:24:08.661Z" },
    { url = "https://files.pythonhosted.org/packages/9e/69/2311256e436e85a06a9345cd5864ce229a18c63747c42858935f28640ea0/thriftpy2-0.5.3-cp313-cp313-manylinux_2_5_i686.manylinux1_i686.manylinux_2_17_i686.manylinux2014_i686.whl", hash = "sha256:f965fff2f2f323ddb5d9cb7fabe33c4c9f008955dbb59728ffc3111557b87793", size = 1950209, upload-time = "2025-07-14T13:23:57.517Z" },
    { url = "https://files.pythonhosted.org/packages/e6/6c/b7653c1e42d025dbae8cb355e43074cf3a0d17beec49263fc228f36d0ff2/thriftpy2-0.5.3-cp313-cp313-musllinux_1_2_aarch64.whl", hash = "sha256:fd4c6131ca6e919f03263cc83b713f1797bc20126a858da8518ed49b3e32c334", size = 2043984, upload-time = "2025-07-14T13:24:14.633Z" },
    { url = "https://files.pythonhosted.org/packages/51/55/af0f54ce6652a96079fa674d78e7f50b82eb5cf6cfdba924373adf4d9f16/thriftpy2-0.5.3-cp313-cp313-musllinux_1_2_i686.whl", hash = "sha256:53e761ea5eab24bb3520f8adecdbb633e69dda7cf9678ca2eb6ad1952cc56540", size = 2006154, upload-time = "2025-07-14T13:24:20.704Z" },
    { url = "https://files.pythonhosted.org/packages/f9/5d/3a733a79689bd5f7f0bcd9b6b4dd328c7739ce9ed2061d0e67dafa1b5a7f/thriftpy2-0.5.3-cp313-cp313-musllinux_1_2_x86_64.whl", hash = "sha256:67ec304d83510d0ec83338ef029ea3bae91fdbb3bf0504f7990dd446b483773e", size = 2073609, upload-time = "2025-07-14T13:24:26.927Z" },
    { url = "https://files.pythonhosted.org/packages/ac/55/5072f6fc1da20666eb42580e01e70553681f7483d80a7765517ad05ccc32/thriftpy2-0.5.3-cp313-cp313-win32.whl", hash = "sha256:1bb6c0482663887f2a9ab98453ab0ca20a3e1f2336a500b7da12af33614c0d75", size = 793076, upload-time = "2025-07-14T13:24:30.346Z" },
    { url = "https://files.pythonhosted.org/packages/9d/38/32588376fd7ecc795854a43d291e023c6c723ab5d0efaea3a89179d7c123/thriftpy2-0.5.3-cp313-cp313-win_amd64.whl", hash = "sha256:9460a8284881854e210907eeb1761f44afacb4d164d1b6ecfddc184ed1b03277", size = 818256, upload-time = "2025-07-14T13:24:33.527Z" },
    { url = "https://files.pythonhosted.org/packages/1d/6a/8da1d8d2090a43bfb480ad351015b7f7a90c6457ab750828f17fd42e47b0/thriftpy2-0.5.3-cp313-cp313t-macosx_10_13_x86_64.whl", hash = "sha256:ab47f689b0003ec63a881e5ad4f46046f62632da5168b0665fd369a3561eaa2a", size = 853448, upload-time = "2025-07-14T13:24:37.618Z" },
    { url = "https://files.pythonhosted.org/packages/ad/2c/7e9f110f48251d59c0e1ddbb8595d060b8263f7dceb9ac9158a6efd0750a/thriftpy2-0.5.3-cp313-cp313t-macosx_11_0_arm64.whl", hash = "sha256:2023abcc504e4fc8825419964ecfab904244b0bc189d0082380d481ecba951d7", size = 848911, upload-time = "2025-07-14T13:24:41.8Z" },
    { url = "https://files.pythonhosted.org/packages/4f/db/4329955489bd63704c450218b04ffd80668e3ed6b17afe541e2de4a02038/thriftpy2-0.5.3-cp313-cp313t-manylinux_2_17_aarch64.manylinux2014_aarch64.whl", hash = "sha256:f4210c10b686fe4a32b121f618b407aaccc7a72021c6d64fa181a09df72c4d89", size = 2368598, upload-time = "2025-07-14T13:24:55.258Z" },
    { url = "https://files.pythonhosted.org/packages/11/85/93a984d180b0f6208fad690b63277e84a6ab98ed2d8508c5e99b3183dd03/thriftpy2-0.5.3-cp313-cp313t-manylinux_2_17_x86_64.manylinux2014_x86_64.whl", hash = "sha256:73832e79732bab15920bed700a5efbe2b6e9dbd35710e815e870feb873b15059", size = 2307168, upload-time = "2025-07-14T13:25:03.753Z" },
    { url = "https://files.pythonhosted.org/packages/01/34/31a685861be14d52911382a1ecae4040347ec30162e584128da123a458a2/thriftpy2-0.5.3-cp313-cp313t-manylinux_2_5_i686.manylinux1_i686.manylinux_2_17_i686.manylinux2014_i686.whl", hash = "sha256:addcc3ba9c106758e9073ab205e4bcf9a9540acb335fafa0184a1fa8e76a78cb", size = 2213924, upload-time = "2025-07-14T13:24:47.887Z" },
    { url = "https://files.pythonhosted.org/packages/04/fc/26ae4ea5e9db7d808292a616973e49d16732021806cc750016988881e056/thriftpy2-0.5.3-cp313-cp313t-musllinux_1_2_aarch64.whl", hash = "sha256:e6a77d3d190f1c2726cfb11d1115678fcfa4b0ff509bd8bb38e451c629d9383c", size = 2298674, upload-time = "2025-07-14T13:25:11.061Z" },
    { url = "https://files.pythonhosted.org/packages/5e/ad/80ca0bdb3ef06885bd25c911db785cb680c85f92fe4eb3a6fd8c158a4245/thriftpy2-0.5.3-cp313-cp313t-musllinux_1_2_i686.whl", hash = "sha256:6196d7d5adb6214ed21633ec57a222c90a6a66498cdd9f8da7c85c7514c7c439", size = 2238527, upload-time = "2025-07-14T13:25:17.449Z" },
    { url = "https://files.pythonhosted.org/packages/16/4b/5f8d2e40e69a1f42560a5b86c586cc8d790a838f9d765b514b2743f89bdf/thriftpy2-0.5.3-cp313-cp313t-musllinux_1_2_x86_64.whl", hash = "sha256:13c0316a1a9b6f7840d9c084a5a1fa2e419ae86645e45530593558704e792d7f", size = 2292887, upload-time = "2025-07-14T13:25:23.817Z" },
    { url = "https://files.pythonhosted.org/packages/54/86/f90414ef2de4eca682bf6da24d06e96b3b3e066cb70c17ea0c406ad49b8b/thriftpy2-0.5.3-cp313-cp313t-win32.whl", hash = "sha256:29b09fa1fb77f1927ac4ce21d8f8f6663d8917f75780aa6bad57ca9473d0a3b3", size = 823053, upload-time = "2025-07-14T13:25:26.99Z" },
    { url = "https://files.pythonhosted.org/packages/91/53/b0cf27491fac989cafb5ea2107b27d6baac5f0c9341a05d5dcb9deaba28e/thriftpy2-0.5.3-cp313-cp313t-win_amd64.whl", hash = "sha256:0f36f80a038dbfc2b3b048151ca4732f310ebd0385cdf20e7864d781d5d6f582", size = 851957, upload-time = "2025-07-14T13:25:31.169Z" },
]

[[package]]
name = "typing-extensions"
version = "4.14.1"
source = { registry = "https://pypi.org/simple" }
sdist = { url = "https://files.pythonhosted.org/packages/98/5a/da40306b885cc8c09109dc2e1abd358d5684b1425678151cdaed4731c822/typing_extensions-4.14.1.tar.gz", hash = "sha256:38b39f4aeeab64884ce9f74c94263ef78f3c22467c8724005483154c26648d36", size = 107673, upload-time = "2025-07-04T13:28:34.16Z" }
wheels = [
    { url = "https://files.pythonhosted.org/packages/b5/00/d631e67a838026495268c2f6884f3711a15a9a2a96cd244fdaea53b823fb/typing_extensions-4.14.1-py3-none-any.whl", hash = "sha256:d1e1e3b58374dc93031d6eda2420a48ea44a36c2b4766a4fdeb3710755731d76", size = 43906, upload-time = "2025-07-04T13:28:32.743Z" },
]

[[package]]
name = "tzdata"
version = "2025.2"
source = { registry = "https://pypi.org/simple" }
sdist = { url = "https://files.pythonhosted.org/packages/95/32/1a225d6164441be760d75c2c42e2780dc0873fe382da3e98a2e1e48361e5/tzdata-2025.2.tar.gz", hash = "sha256:b60a638fcc0daffadf82fe0f57e53d06bdec2f36c4df66280ae79bce6bd6f2b9", size = 196380, upload-time = "2025-03-23T13:54:43.652Z" }
wheels = [
    { url = "https://files.pythonhosted.org/packages/5c/23/c7abc0ca0a1526a0774eca151daeb8de62ec457e77262b66b359c3c7679e/tzdata-2025.2-py2.py3-none-any.whl", hash = "sha256:1a403fada01ff9221ca8044d701868fa132215d84beb92242d9acd2147f667a8", size = 347839, upload-time = "2025-03-23T13:54:41.845Z" },
]

[[package]]
name = "wmi"
version = "1.5.1"
source = { registry = "https://pypi.org/simple" }
dependencies = [
    { name = "pywin32" },
]
sdist = { url = "https://files.pythonhosted.org/packages/d4/66/6364deb0a03415f96c66803d8c4379f808f2401da3bdb183348487b10510/WMI-1.5.1.tar.gz", hash = "sha256:b6a6be5711b1b6c8d55bda7a8befd75c48c12b770b9d227d31c1737dbf0d40a6", size = 26254, upload-time = "2020-04-28T08:22:58.096Z" }
wheels = [
    { url = "https://files.pythonhosted.org/packages/ee/b9/a80d1ed4d115dac8e2ac08d16af046a77ab58e3d186e22395bf2add24090/WMI-1.5.1-py2.py3-none-any.whl", hash = "sha256:1d6b085e5c445141c475476000b661f60fff1aaa19f76bf82b7abb92e0ff4942", size = 28912, upload-time = "2020-04-28T08:22:56.055Z" },
]
